
Microsoft Visual Studio Solution File, Format Version 12.00
# Visual Studio 2013
VisualStudioVersion = 12.0.31101.0
MinimumVisualStudioVersion = 10.0.40219.1
Project("{FAE04EC0-301F-11D3-BF4B-00C04F79EFBC}") = "Plainion.Scripts", "src\Plainion.Scripts\Plainion.Scripts.csproj", "{99C54F80-3CBB-4990-8F9B-0904F3F2FA18}"
EndProject
Project("{FAE04EC0-301F-11D3-BF4B-00C04F79EFBC}") = "Plainion.WhiteRabbit", "src\Plainion.WhiteRabbit\Plainion.WhiteRabbit.csproj", "{17326B5F-B907-479D-BDDA-8D2736C7328D}"
EndProject
Global
	GlobalSection(SolutionConfigurationPlatforms) = preSolution
		Debug|Any CPU = Debug|Any CPU
		Release|Any CPU = Release|Any CPU
	EndGlobalSection
	GlobalSection(ProjectConfigurationPlatforms) = postSolution
		{99C54F80-3CBB-4990-8F9B-0904F3F2FA18}.Debug|Any CPU.ActiveCfg = Debug|Any CPU
		{99C54F80-3CBB-4990-8F9B-0904F3F2FA18}.Debug|Any CPU.Build.0 = Debug|Any CPU
		{99C54F80-3CBB-4990-8F9B-0904F3F2FA18}.Release|Any CPU.ActiveCfg = Release|Any CPU
		{99C54F80-3CBB-4990-8F9B-0904F3F2FA18}.Release|Any CPU.Build.0 = Release|Any CPU
		{17326B5F-B907-479D-BDDA-8D2736C7328D}.Debug|Any CPU.ActiveCfg = Debug|Any CPU
		{17326B5F-B907-479D-BDDA-8D2736C7328D}.Debug|Any CPU.Build.0 = Debug|Any CPU
		{17326B5F-B907-479D-BDDA-8D2736C7328D}.Release|Any CPU.ActiveCfg = Release|Any CPU
		{17326B5F-B907-479D-BDDA-8D2736C7328D}.Release|Any CPU.Build.0 = Release|Any CPU
	EndGlobalSection
	GlobalSection(SolutionProperties) = preSolution
		HideSolutionNode = FALSE
	EndGlobalSection
EndGlobal
