
Microsoft Visual Studio Solution File, Format Version 12.00
# Visual Studio 2013
VisualStudioVersion = 12.0.40629.0
MinimumVisualStudioVersion = 10.0.40219.1
Project("{FAE04EC0-301F-11D3-BF4B-00C04F79EFBC}") = "Plainion.Scripts", "src\Plainion.Scripts\Plainion.Scripts.csproj", "{99C54F80-3CBB-4990-8F9B-0904F3F2FA18}"
EndProject
Project("{FAE04EC0-301F-11D3-BF4B-00C04F79EFBC}") = "Plainion.WhiteRabbit", "src\Plainion.WhiteRabbit\Plainion.WhiteRabbit.csproj", "{17326B5F-B907-479D-BDDA-8D2736C7328D}"
EndProject
Project("{2150E333-8FDC-42A3-9474-1A3956D46DE8}") = "@Solution Items", "@Solution Items", "{EC1701D9-D349-4B12-BCAE-B0C7B66B5FAE}"
	ProjectSection(SolutionItems) = preProject
		build\create-package.cmd = build\create-package.cmd
		build\GlobalAssemblyInfo.cs = build\GlobalAssemblyInfo.cs
		build\packager.msbuild = build\packager.msbuild
	EndProjectSection
EndProject
Project("{FAE04EC0-301F-11D3-BF4B-00C04F79EFBC}") = "Plainion.WpfBrushes", "src\Plainion.WpfBrushes\Plainion.WpfBrushes.csproj", "{22065133-3553-481C-AEC7-F823167E35B3}"
EndProject
Global
	GlobalSection(SolutionConfigurationPlatforms) = preSolution
		Debug|Any CPU = Debug|Any CPU
		Release|Any CPU = Release|Any CPU
	EndGlobalSection
	GlobalSection(ProjectConfigurationPlatforms) = postSolution
		{99C54F80-3CBB-4990-8F9B-0904F3F2FA18}.Debug|Any CPU.ActiveCfg = Debug|Any CPU
		{99C54F80-3CBB-4990-8F9B-0904F3F2FA18}.Debug|Any CPU.Build.0 = Debug|Any CPU
		{99C54F80-3CBB-4990-8F9B-0904F3F2FA18}.Release|Any CPU.ActiveCfg = Release|Any CPU
		{99C54F80-3CBB-4990-8F9B-0904F3F2FA18}.Release|Any CPU.Build.0 = Release|Any CPU
		{17326B5F-B907-479D-BDDA-8D2736C7328D}.Debug|Any CPU.ActiveCfg = Debug|Any CPU
		{17326B5F-B907-479D-BDDA-8D2736C7328D}.Debug|Any CPU.Build.0 = Debug|Any CPU
		{17326B5F-B907-479D-BDDA-8D2736C7328D}.Release|Any CPU.ActiveCfg = Release|Any CPU
		{17326B5F-B907-479D-BDDA-8D2736C7328D}.Release|Any CPU.Build.0 = Release|Any CPU
		{22065133-3553-481C-AEC7-F823167E35B3}.Debug|Any CPU.ActiveCfg = Debug|Any CPU
		{22065133-3553-481C-AEC7-F823167E35B3}.Debug|Any CPU.Build.0 = Debug|Any CPU
		{22065133-3553-481C-AEC7-F823167E35B3}.Release|Any CPU.ActiveCfg = Release|Any CPU
		{22065133-3553-481C-AEC7-F823167E35B3}.Release|Any CPU.Build.0 = Release|Any CPU
	EndGlobalSection
	GlobalSection(SolutionProperties) = preSolution
		HideSolutionNode = FALSE
	EndGlobalSection
EndGlobal
